
Microsoft Visual Studio Solution File, Format Version 12.00
# Visual Studio Version 17
VisualStudioVersion = 17.8.34330.188
MinimumVisualStudioVersion = 10.0.40219.1
Project("{9A19103F-16F7-4668-BE54-9A1E7A4F7556}") = "01_message_box", "01_message_box\01_message_box.csproj", "{04117871-52E0-4D72-B5CD-9095CE65206E}"
EndProject
Project("{9A19103F-16F7-4668-BE54-9A1E7A4F7556}") = "02_controls", "02_controls\02_controls.csproj", "{91C05C59-9EB4-4A9F-B042-180484D4ED36}"
EndProject
Project("{9A19103F-16F7-4668-BE54-9A1E7A4F7556}") = "03_combobox", "03_lists\03_combobox.csproj", "{5CC9F113-80F1-4B93-B451-46F2E9D076FF}"
EndProject
Project("{9A19103F-16F7-4668-BE54-9A1E7A4F7556}") = "04_listbox", "04_listbox\04_listbox.csproj", "{381B195A-2860-4DA9-AFA3-ABBC8B10EAEF}"
EndProject
Project("{9A19103F-16F7-4668-BE54-9A1E7A4F7556}") = "05_Controls_Indicators", "05_Controls_Indicators\05_Controls_Indicators.csproj", "{F2CEF1F9-E93A-46E0-92D3-67708F699041}"
EndProject
Project("{9A19103F-16F7-4668-BE54-9A1E7A4F7556}") = "06_Child_Controls", "06_Child_Controls\06_Child_Controls.csproj", "{0011A9A5-2586-4DFA-8A75-0D9493CC77F5}"
EndProject
Global
	GlobalSection(SolutionConfigurationPlatforms) = preSolution
		Debug|Any CPU = Debug|Any CPU
		Release|Any CPU = Release|Any CPU
	EndGlobalSection
	GlobalSection(ProjectConfigurationPlatforms) = postSolution
		{04117871-52E0-4D72-B5CD-9095CE65206E}.Debug|Any CPU.ActiveCfg = Debug|Any CPU
		{04117871-52E0-4D72-B5CD-9095CE65206E}.Debug|Any CPU.Build.0 = Debug|Any CPU
		{04117871-52E0-4D72-B5CD-9095CE65206E}.Release|Any CPU.ActiveCfg = Release|Any CPU
		{04117871-52E0-4D72-B5CD-9095CE65206E}.Release|Any CPU.Build.0 = Release|Any CPU
		{91C05C59-9EB4-4A9F-B042-180484D4ED36}.Debug|Any CPU.ActiveCfg = Debug|Any CPU
		{91C05C59-9EB4-4A9F-B042-180484D4ED36}.Debug|Any CPU.Build.0 = Debug|Any CPU
		{91C05C59-9EB4-4A9F-B042-180484D4ED36}.Release|Any CPU.ActiveCfg = Release|Any CPU
		{91C05C59-9EB4-4A9F-B042-180484D4ED36}.Release|Any CPU.Build.0 = Release|Any CPU
		{5CC9F113-80F1-4B93-B451-46F2E9D076FF}.Debug|Any CPU.ActiveCfg = Debug|Any CPU
		{5CC9F113-80F1-4B93-B451-46F2E9D076FF}.Debug|Any CPU.Build.0 = Debug|Any CPU
		{5CC9F113-80F1-4B93-B451-46F2E9D076FF}.Release|Any CPU.ActiveCfg = Release|Any CPU
		{5CC9F113-80F1-4B93-B451-46F2E9D076FF}.Release|Any CPU.Build.0 = Release|Any CPU
		{381B195A-2860-4DA9-AFA3-ABBC8B10EAEF}.Debug|Any CPU.ActiveCfg = Debug|Any CPU
		{381B195A-2860-4DA9-AFA3-ABBC8B10EAEF}.Debug|Any CPU.Build.0 = Debug|Any CPU
		{381B195A-2860-4DA9-AFA3-ABBC8B10EAEF}.Release|Any CPU.ActiveCfg = Release|Any CPU
		{381B195A-2860-4DA9-AFA3-ABBC8B10EAEF}.Release|Any CPU.Build.0 = Release|Any CPU
		{F2CEF1F9-E93A-46E0-92D3-67708F699041}.Debug|Any CPU.ActiveCfg = Debug|Any CPU
		{F2CEF1F9-E93A-46E0-92D3-67708F699041}.Debug|Any CPU.Build.0 = Debug|Any CPU
		{F2CEF1F9-E93A-46E0-92D3-67708F699041}.Release|Any CPU.ActiveCfg = Release|Any CPU
		{F2CEF1F9-E93A-46E0-92D3-67708F699041}.Release|Any CPU.Build.0 = Release|Any CPU
		{0011A9A5-2586-4DFA-8A75-0D9493CC77F5}.Debug|Any CPU.ActiveCfg = Debug|Any CPU
		{0011A9A5-2586-4DFA-8A75-0D9493CC77F5}.Debug|Any CPU.Build.0 = Debug|Any CPU
		{0011A9A5-2586-4DFA-8A75-0D9493CC77F5}.Release|Any CPU.ActiveCfg = Release|Any CPU
		{0011A9A5-2586-4DFA-8A75-0D9493CC77F5}.Release|Any CPU.Build.0 = Release|Any CPU
	EndGlobalSection
	GlobalSection(SolutionProperties) = preSolution
		HideSolutionNode = FALSE
	EndGlobalSection
	GlobalSection(ExtensibilityGlobals) = postSolution
		SolutionGuid = {17596741-82C9-4DCA-9BBB-DFEA1967FB65}
	EndGlobalSection
EndGlobal
